
Microsoft Visual Studio Solution File, Format Version 12.00
# Visual Studio Version 17
VisualStudioVersion = 17.11.35219.272
MinimumVisualStudioVersion = 10.0.40219.1
Project("{FAE04EC0-301F-11D3-BF4B-00C04F79EFBC}") = "Contoso University", "Contoso University.csproj", "{CC5F9A5F-27F6-4DE0-B10D-95B76D2EDF11}"
EndProject
Global
	GlobalSection(SolutionConfigurationPlatforms) = preSolution
		Debug|Any CPU = Debug|Any CPU
		Release|Any CPU = Release|Any CPU
	EndGlobalSection
	GlobalSection(ProjectConfigurationPlatforms) = postSolution
		{CC5F9A5F-27F6-4DE0-B10D-95B76D2EDF11}.Debug|Any CPU.ActiveCfg = Debug|Any CPU
		{CC5F9A5F-27F6-4DE0-B10D-95B76D2EDF11}.Debug|Any CPU.Build.0 = Debug|Any CPU
		{CC5F9A5F-27F6-4DE0-B10D-95B76D2EDF11}.Release|Any CPU.ActiveCfg = Release|Any CPU
		{CC5F9A5F-27F6-4DE0-B10D-95B76D2EDF11}.Release|Any CPU.Build.0 = Release|Any CPU
	EndGlobalSection
	GlobalSection(SolutionProperties) = preSolution
		HideSolutionNode = FALSE
	EndGlobalSection
	GlobalSection(ExtensibilityGlobals) = postSolution
		SolutionGuid = {FAAB5AF8-0749-490C-8B92-AC672D7DC0C4}
	EndGlobalSection
EndGlobal
